
Microsoft Visual Studio Solution File, Format Version 12.00
# Visual Studio 14
VisualStudioVersion = 14.0.23107.0
MinimumVisualStudioVersion = 10.0.40219.1
Project("{FAE04EC0-301F-11D3-BF4B-00C04F79EFBC}") = "GHM_ERP", "GHM_ERP\GHM_ERP.csproj", "{8FC2B4FA-8E49-4C4A-A777-2D1CA5A91EF2}"
EndProject
Project("{FAE04EC0-301F-11D3-BF4B-00C04F79EFBC}") = "BusinessObjects", "BusinessObjects\BusinessObjects.csproj", "{6997A515-2460-4914-B68A-D8B952B548ED}"
EndProject
Project("{FAE04EC0-301F-11D3-BF4B-00C04F79EFBC}") = "DataAccessLayer", "DataAccessLayer\DataAccessLayer.csproj", "{01AA9BFE-EB48-4B84-A032-F192703E7CA8}"
EndProject
Project("{FAE04EC0-301F-11D3-BF4B-00C04F79EFBC}") = "BusinessLogic", "BusinessLogic\BusinessLogic.csproj", "{1BC281BF-42C4-4A9C-ABCE-8FEE651134BC}"
EndProject
Project("{FAE04EC0-301F-11D3-BF4B-00C04F79EFBC}") = "BusinessLogicTests", "BusinessLogicTests\BusinessLogicTests.csproj", "{9E903046-E2B3-48A9-BEE6-EDB2296975FA}"
EndProject
Global
	GlobalSection(SolutionConfigurationPlatforms) = preSolution
		Debug|Any CPU = Debug|Any CPU
		Debug|x64 = Debug|x64
		Debug|x86 = Debug|x86
		Release|Any CPU = Release|Any CPU
		Release|x64 = Release|x64
		Release|x86 = Release|x86
	EndGlobalSection
	GlobalSection(ProjectConfigurationPlatforms) = postSolution
		{8FC2B4FA-8E49-4C4A-A777-2D1CA5A91EF2}.Debug|Any CPU.ActiveCfg = Debug|Any CPU
		{8FC2B4FA-8E49-4C4A-A777-2D1CA5A91EF2}.Debug|Any CPU.Build.0 = Debug|Any CPU
		{8FC2B4FA-8E49-4C4A-A777-2D1CA5A91EF2}.Debug|x64.ActiveCfg = Debug|x64
		{8FC2B4FA-8E49-4C4A-A777-2D1CA5A91EF2}.Debug|x64.Build.0 = Debug|x64
		{8FC2B4FA-8E49-4C4A-A777-2D1CA5A91EF2}.Debug|x86.ActiveCfg = Debug|x86
		{8FC2B4FA-8E49-4C4A-A777-2D1CA5A91EF2}.Debug|x86.Build.0 = Debug|x86
		{8FC2B4FA-8E49-4C4A-A777-2D1CA5A91EF2}.Release|Any CPU.ActiveCfg = Release|Any CPU
		{8FC2B4FA-8E49-4C4A-A777-2D1CA5A91EF2}.Release|Any CPU.Build.0 = Release|Any CPU
		{8FC2B4FA-8E49-4C4A-A777-2D1CA5A91EF2}.Release|x64.ActiveCfg = Release|x64
		{8FC2B4FA-8E49-4C4A-A777-2D1CA5A91EF2}.Release|x64.Build.0 = Release|x64
		{8FC2B4FA-8E49-4C4A-A777-2D1CA5A91EF2}.Release|x86.ActiveCfg = Release|x86
		{8FC2B4FA-8E49-4C4A-A777-2D1CA5A91EF2}.Release|x86.Build.0 = Release|x86
		{6997A515-2460-4914-B68A-D8B952B548ED}.Debug|Any CPU.ActiveCfg = Debug|Any CPU
		{6997A515-2460-4914-B68A-D8B952B548ED}.Debug|Any CPU.Build.0 = Debug|Any CPU
		{6997A515-2460-4914-B68A-D8B952B548ED}.Debug|x64.ActiveCfg = Debug|x64
		{6997A515-2460-4914-B68A-D8B952B548ED}.Debug|x64.Build.0 = Debug|x64
		{6997A515-2460-4914-B68A-D8B952B548ED}.Debug|x86.ActiveCfg = Debug|x86
		{6997A515-2460-4914-B68A-D8B952B548ED}.Debug|x86.Build.0 = Debug|x86
		{6997A515-2460-4914-B68A-D8B952B548ED}.Release|Any CPU.ActiveCfg = Release|Any CPU
		{6997A515-2460-4914-B68A-D8B952B548ED}.Release|Any CPU.Build.0 = Release|Any CPU
		{6997A515-2460-4914-B68A-D8B952B548ED}.Release|x64.ActiveCfg = Release|x64
		{6997A515-2460-4914-B68A-D8B952B548ED}.Release|x64.Build.0 = Release|x64
		{6997A515-2460-4914-B68A-D8B952B548ED}.Release|x86.ActiveCfg = Release|x86
		{6997A515-2460-4914-B68A-D8B952B548ED}.Release|x86.Build.0 = Release|x86
		{01AA9BFE-EB48-4B84-A032-F192703E7CA8}.Debug|Any CPU.ActiveCfg = Debug|Any CPU
		{01AA9BFE-EB48-4B84-A032-F192703E7CA8}.Debug|Any CPU.Build.0 = Debug|Any CPU
		{01AA9BFE-EB48-4B84-A032-F192703E7CA8}.Debug|x64.ActiveCfg = Debug|x64
		{01AA9BFE-EB48-4B84-A032-F192703E7CA8}.Debug|x64.Build.0 = Debug|x64
		{01AA9BFE-EB48-4B84-A032-F192703E7CA8}.Debug|x86.ActiveCfg = Debug|x86
		{01AA9BFE-EB48-4B84-A032-F192703E7CA8}.Debug|x86.Build.0 = Debug|x86
		{01AA9BFE-EB48-4B84-A032-F192703E7CA8}.Release|Any CPU.ActiveCfg = Release|Any CPU
		{01AA9BFE-EB48-4B84-A032-F192703E7CA8}.Release|Any CPU.Build.0 = Release|Any CPU
		{01AA9BFE-EB48-4B84-A032-F192703E7CA8}.Release|x64.ActiveCfg = Release|x64
		{01AA9BFE-EB48-4B84-A032-F192703E7CA8}.Release|x64.Build.0 = Release|x64
		{01AA9BFE-EB48-4B84-A032-F192703E7CA8}.Release|x86.ActiveCfg = Release|x86
		{01AA9BFE-EB48-4B84-A032-F192703E7CA8}.Release|x86.Build.0 = Release|x86
		{1BC281BF-42C4-4A9C-ABCE-8FEE651134BC}.Debug|Any CPU.ActiveCfg = Debug|Any CPU
		{1BC281BF-42C4-4A9C-ABCE-8FEE651134BC}.Debug|Any CPU.Build.0 = Debug|Any CPU
		{1BC281BF-42C4-4A9C-ABCE-8FEE651134BC}.Debug|x64.ActiveCfg = Debug|x64
		{1BC281BF-42C4-4A9C-ABCE-8FEE651134BC}.Debug|x64.Build.0 = Debug|x64
		{1BC281BF-42C4-4A9C-ABCE-8FEE651134BC}.Debug|x86.ActiveCfg = Debug|x86
		{1BC281BF-42C4-4A9C-ABCE-8FEE651134BC}.Debug|x86.Build.0 = Debug|x86
		{1BC281BF-42C4-4A9C-ABCE-8FEE651134BC}.Release|Any CPU.ActiveCfg = Release|Any CPU
		{1BC281BF-42C4-4A9C-ABCE-8FEE651134BC}.Release|Any CPU.Build.0 = Release|Any CPU
		{1BC281BF-42C4-4A9C-ABCE-8FEE651134BC}.Release|x64.ActiveCfg = Release|x64
		{1BC281BF-42C4-4A9C-ABCE-8FEE651134BC}.Release|x64.Build.0 = Release|x64
		{1BC281BF-42C4-4A9C-ABCE-8FEE651134BC}.Release|x86.ActiveCfg = Release|x86
		{1BC281BF-42C4-4A9C-ABCE-8FEE651134BC}.Release|x86.Build.0 = Release|x86
		{9E903046-E2B3-48A9-BEE6-EDB2296975FA}.Debug|Any CPU.ActiveCfg = Debug|Any CPU
		{9E903046-E2B3-48A9-BEE6-EDB2296975FA}.Debug|Any CPU.Build.0 = Debug|Any CPU
		{9E903046-E2B3-48A9-BEE6-EDB2296975FA}.Debug|x64.ActiveCfg = Debug|x64
		{9E903046-E2B3-48A9-BEE6-EDB2296975FA}.Debug|x64.Build.0 = Debug|x64
		{9E903046-E2B3-48A9-BEE6-EDB2296975FA}.Debug|x86.ActiveCfg = Debug|x86
		{9E903046-E2B3-48A9-BEE6-EDB2296975FA}.Debug|x86.Build.0 = Debug|x86
		{9E903046-E2B3-48A9-BEE6-EDB2296975FA}.Release|Any CPU.ActiveCfg = Release|Any CPU
		{9E903046-E2B3-48A9-BEE6-EDB2296975FA}.Release|Any CPU.Build.0 = Release|Any CPU
		{9E903046-E2B3-48A9-BEE6-EDB2296975FA}.Release|x64.ActiveCfg = Release|x64
		{9E903046-E2B3-48A9-BEE6-EDB2296975FA}.Release|x64.Build.0 = Release|x64
		{9E903046-E2B3-48A9-BEE6-EDB2296975FA}.Release|x86.ActiveCfg = Release|x86
		{9E903046-E2B3-48A9-BEE6-EDB2296975FA}.Release|x86.Build.0 = Release|x86
	EndGlobalSection
	GlobalSection(SolutionProperties) = preSolution
		HideSolutionNode = FALSE
	EndGlobalSection
EndGlobal
